
Microsoft Visual Studio Solution File, Format Version 12.00
# Visual Studio Version 16
VisualStudioVersion = 16.0.32929.386
MinimumVisualStudioVersion = 10.0.40219.1
Project("{FAE04EC0-301F-11D3-BF4B-00C04F79EFBC}") = "Vista", "TpCuatrimestral-LiclaCisneros\Vista.csproj", "{DD4410D5-3077-4ABC-A2CE-9ED43B578BA9}"
EndProject
Project("{FAE04EC0-301F-11D3-BF4B-00C04F79EFBC}") = "Negocio", "Negocio\Negocio.csproj", "{29BBE266-2141-4BE0-AA64-857AF891772C}"
EndProject
Project("{FAE04EC0-301F-11D3-BF4B-00C04F79EFBC}") = "Modelo", "Modelo\Modelo.csproj", "{7E2CC34F-4DB9-427F-B111-414A131F38B2}"
EndProject
Global
	GlobalSection(SolutionConfigurationPlatforms) = preSolution
		Debug|Any CPU = Debug|Any CPU
		Release|Any CPU = Release|Any CPU
	EndGlobalSection
	GlobalSection(ProjectConfigurationPlatforms) = postSolution
		{DD4410D5-3077-4ABC-A2CE-9ED43B578BA9}.Debug|Any CPU.ActiveCfg = Debug|Any CPU
		{DD4410D5-3077-4ABC-A2CE-9ED43B578BA9}.Debug|Any CPU.Build.0 = Debug|Any CPU
		{DD4410D5-3077-4ABC-A2CE-9ED43B578BA9}.Release|Any CPU.ActiveCfg = Release|Any CPU
		{DD4410D5-3077-4ABC-A2CE-9ED43B578BA9}.Release|Any CPU.Build.0 = Release|Any CPU
		{29BBE266-2141-4BE0-AA64-857AF891772C}.Debug|Any CPU.ActiveCfg = Debug|Any CPU
		{29BBE266-2141-4BE0-AA64-857AF891772C}.Debug|Any CPU.Build.0 = Debug|Any CPU
		{29BBE266-2141-4BE0-AA64-857AF891772C}.Release|Any CPU.ActiveCfg = Release|Any CPU
		{29BBE266-2141-4BE0-AA64-857AF891772C}.Release|Any CPU.Build.0 = Release|Any CPU
		{7E2CC34F-4DB9-427F-B111-414A131F38B2}.Debug|Any CPU.ActiveCfg = Debug|Any CPU
		{7E2CC34F-4DB9-427F-B111-414A131F38B2}.Debug|Any CPU.Build.0 = Debug|Any CPU
		{7E2CC34F-4DB9-427F-B111-414A131F38B2}.Release|Any CPU.ActiveCfg = Release|Any CPU
		{7E2CC34F-4DB9-427F-B111-414A131F38B2}.Release|Any CPU.Build.0 = Release|Any CPU
	EndGlobalSection
	GlobalSection(SolutionProperties) = preSolution
		HideSolutionNode = FALSE
	EndGlobalSection
	GlobalSection(ExtensibilityGlobals) = postSolution
		SolutionGuid = {A879F4CF-7EFF-460E-A560-6EAE09BF8CF4}
	EndGlobalSection
EndGlobal
